
Microsoft Visual Studio Solution File, Format Version 12.00
# 
Project("{FAE04EC0-301F-11D3-BF4B-00C04F79EFBC}") = "NKMData", "NKMData\NKMData.csproj", "{5C0CEC3E-D734-44FE-9812-C3AFA1DFCC02}"
EndProject
Project("{FAE04EC0-301F-11D3-BF4B-00C04F79EFBC}") = "NKMData.Tests", "NKMData.Tests\NKMData.Tests.csproj", "{16295FC5-C3C8-4DED-9AB6-ECA7D107C9B6}"
EndProject
Global
	GlobalSection(SolutionConfigurationPlatforms) = preSolution
		Debug|Any CPU = Debug|Any CPU
		Release|Any CPU = Release|Any CPU
	EndGlobalSection
	GlobalSection(ProjectConfigurationPlatforms) = postSolution
		{5C0CEC3E-D734-44FE-9812-C3AFA1DFCC02}.Debug|Any CPU.ActiveCfg = Debug|Any CPU
		{5C0CEC3E-D734-44FE-9812-C3AFA1DFCC02}.Debug|Any CPU.Build.0 = Debug|Any CPU
		{5C0CEC3E-D734-44FE-9812-C3AFA1DFCC02}.Release|Any CPU.ActiveCfg = Release|Any CPU
		{5C0CEC3E-D734-44FE-9812-C3AFA1DFCC02}.Release|Any CPU.Build.0 = Release|Any CPU
		{16295FC5-C3C8-4DED-9AB6-ECA7D107C9B6}.Debug|Any CPU.ActiveCfg = Debug|Any CPU
		{16295FC5-C3C8-4DED-9AB6-ECA7D107C9B6}.Debug|Any CPU.Build.0 = Debug|Any CPU
		{16295FC5-C3C8-4DED-9AB6-ECA7D107C9B6}.Release|Any CPU.ActiveCfg = Release|Any CPU
		{16295FC5-C3C8-4DED-9AB6-ECA7D107C9B6}.Release|Any CPU.Build.0 = Release|Any CPU
	EndGlobalSection
EndGlobal
